// !$*UTF8*$!
{
	archiveVersion = 1;
	classes = {
	};
	objectVersion = 51;
	objects = {

/* Begin PBXBuildFile section */
		869F6FDCC29F903752DAFA71 /* Pods_QuizApp.framework in Frameworks */ = {isa = PBXBuildFile; fileRef = B6258F4F0B0915E60657338D /* Pods_QuizApp.framework */; };
		FC2D76BF26629104001D7D4F /* QuizDatabaseDataSourceProtocol.swift in Sources */ = {isa = PBXBuildFile; fileRef = FC2D76BE26629104001D7D4F /* QuizDatabaseDataSourceProtocol.swift */; };
		FC2D76C126629140001D7D4F /* QuizNetworkDataSourceProtocol.swift in Sources */ = {isa = PBXBuildFile; fileRef = FC2D76C026629140001D7D4F /* QuizNetworkDataSourceProtocol.swift */; };
		FC2D76C72662933F001D7D4F /* QuizUseCase.swift in Sources */ = {isa = PBXBuildFile; fileRef = FC2D76C62662933F001D7D4F /* QuizUseCase.swift */; };
		FC2D76C92662936B001D7D4F /* QuizUseCaseProtocol.swift in Sources */ = {isa = PBXBuildFile; fileRef = FC2D76C82662936B001D7D4F /* QuizUseCaseProtocol.swift */; };
		FC2D76CC26629858001D7D4F /* QuizCollection.swift in Sources */ = {isa = PBXBuildFile; fileRef = FC2D76CB26629858001D7D4F /* QuizCollection.swift */; };
		FC2D76CE26629961001D7D4F /* QuizViewModel.swift in Sources */ = {isa = PBXBuildFile; fileRef = FC2D76CD26629961001D7D4F /* QuizViewModel.swift */; };
		FC2D76D026629C91001D7D4F /* UserUseCaseProtocol.swift in Sources */ = {isa = PBXBuildFile; fileRef = FC2D76CF26629C91001D7D4F /* UserUseCaseProtocol.swift */; };
		FC2D76D226629E4A001D7D4F /* UserUseCase.swift in Sources */ = {isa = PBXBuildFile; fileRef = FC2D76D126629E4A001D7D4F /* UserUseCase.swift */; };
		FC2D76D42662A9D8001D7D4F /* QuestionViewModel.swift in Sources */ = {isa = PBXBuildFile; fileRef = FC2D76D32662A9D8001D7D4F /* QuestionViewModel.swift */; };
		FC2D76D62662D621001D7D4F /* CoreDataStack.swift in Sources */ = {isa = PBXBuildFile; fileRef = FC2D76D52662D621001D7D4F /* CoreDataStack.swift */; };
		FC2D76D72662D8F3001D7D4F /* QuizDBModel.xcdatamodeld in Sources */ = {isa = PBXBuildFile; fileRef = FCE0208426624D3B00F97F5E /* QuizDBModel.xcdatamodeld */; };
		FC2D76E92662E354001D7D4F /* FilterSettings.swift in Sources */ = {isa = PBXBuildFile; fileRef = FC2D76E82662E354001D7D4F /* FilterSettings.swift */; };
		FC2D76EB2662EBE8001D7D4F /* Quiz+CD.swift in Sources */ = {isa = PBXBuildFile; fileRef = FC2D76EA2662EBE8001D7D4F /* Quiz+CD.swift */; };
		FC2D77002662F4E7001D7D4F /* CDQuestion+CoreDataClass.swift in Sources */ = {isa = PBXBuildFile; fileRef = FC2D76FC2662F4E7001D7D4F /* CDQuestion+CoreDataClass.swift */; };
		FC2D77012662F4E7001D7D4F /* CDQuestion+CoreDataProperties.swift in Sources */ = {isa = PBXBuildFile; fileRef = FC2D76FD2662F4E7001D7D4F /* CDQuestion+CoreDataProperties.swift */; };
		FC2D77022662F4E7001D7D4F /* CDQuiz+CoreDataClass.swift in Sources */ = {isa = PBXBuildFile; fileRef = FC2D76FE2662F4E7001D7D4F /* CDQuiz+CoreDataClass.swift */; };
		FC2D77032662F4E7001D7D4F /* CDQuiz+CoreDataProperties.swift in Sources */ = {isa = PBXBuildFile; fileRef = FC2D76FF2662F4E7001D7D4F /* CDQuiz+CoreDataProperties.swift */; };
		FC2D77052662F583001D7D4F /* Question+CD.swift in Sources */ = {isa = PBXBuildFile; fileRef = FC2D77042662F583001D7D4F /* Question+CD.swift */; };
		FC2D77072663BAEA001D7D4F /* LeaderboardUseCase.swift in Sources */ = {isa = PBXBuildFile; fileRef = FC2D77062663BAEA001D7D4F /* LeaderboardUseCase.swift */; };
		FC2D77092663BAF5001D7D4F /* LeaderboardUseCaseProtocol.swift in Sources */ = {isa = PBXBuildFile; fileRef = FC2D77082663BAF5001D7D4F /* LeaderboardUseCaseProtocol.swift */; };
		FC2F10CD265C015F0032D260 /* UserCredentialsServiceProtocol.swift in Sources */ = {isa = PBXBuildFile; fileRef = FC2F10CC265C015F0032D260 /* UserCredentialsServiceProtocol.swift */; };
		FC2F10CF265C01E30032D260 /* UserCredentialsService.swift in Sources */ = {isa = PBXBuildFile; fileRef = FC2F10CE265C01E30032D260 /* UserCredentialsService.swift */; };
		FC405C6C264DB7DC003FD41A /* QuizResult.swift in Sources */ = {isa = PBXBuildFile; fileRef = FC405C6B264DB7DC003FD41A /* QuizResult.swift */; };
		FC615F75262126E9004B1ACB /* LoginViewController.swift in Sources */ = {isa = PBXBuildFile; fileRef = FC615F74262126E8004B1ACB /* LoginViewController.swift */; };
		FC615F8026212771004B1ACB /* QuizCategory.swift in Sources */ = {isa = PBXBuildFile; fileRef = FC615F7A26212771004B1ACB /* QuizCategory.swift */; };
		FC615F8126212771004B1ACB /* Question.swift in Sources */ = {isa = PBXBuildFile; fileRef = FC615F7B26212771004B1ACB /* Question.swift */; };
		FC615F8326212771004B1ACB /* Quiz.swift in Sources */ = {isa = PBXBuildFile; fileRef = FC615F7D26212771004B1ACB /* Quiz.swift */; };
		FC615F9B26220ED7004B1ACB /* Label.swift in Sources */ = {isa = PBXBuildFile; fileRef = FC615F9A26220ED7004B1ACB /* Label.swift */; };
		FC615FA2262217FC004B1ACB /* Utils.swift in Sources */ = {isa = PBXBuildFile; fileRef = FC615FA1262217FC004B1ACB /* Utils.swift */; };
		FC615FA526221F9C004B1ACB /* TextField.swift in Sources */ = {isa = PBXBuildFile; fileRef = FC615FA426221F9C004B1ACB /* TextField.swift */; };
		FC615FAB262236B6004B1ACB /* Button.swift in Sources */ = {isa = PBXBuildFile; fileRef = FC615FAA262236B6004B1ACB /* Button.swift */; };
		FC615FB426238BB4004B1ACB /* ErrorLabel.swift in Sources */ = {isa = PBXBuildFile; fileRef = FC615FB326238BB4004B1ACB /* ErrorLabel.swift */; };
		FC615FB92623B224004B1ACB /* QuizzesViewController.swift in Sources */ = {isa = PBXBuildFile; fileRef = FC615FB82623B224004B1ACB /* QuizzesViewController.swift */; };
		FCB23E43261B385E00405F5D /* AppDelegate.swift in Sources */ = {isa = PBXBuildFile; fileRef = FCB23E42261B385E00405F5D /* AppDelegate.swift */; };
		FCB23E45261B385E00405F5D /* SceneDelegate.swift in Sources */ = {isa = PBXBuildFile; fileRef = FCB23E44261B385E00405F5D /* SceneDelegate.swift */; };
		FCB23E4C261B386000405F5D /* Assets.xcassets in Resources */ = {isa = PBXBuildFile; fileRef = FCB23E4B261B386000405F5D /* Assets.xcassets */; };
		FCB23E4F261B386000405F5D /* LaunchScreen.storyboard in Resources */ = {isa = PBXBuildFile; fileRef = FCB23E4D261B386000405F5D /* LaunchScreen.storyboard */; };
		FCC9C24B2624BA6C00510DDB /* QuizCell.swift in Sources */ = {isa = PBXBuildFile; fileRef = FCC9C24A2624BA6C00510DDB /* QuizCell.swift */; };
		FCE020752661174B00F97F5E /* QuizRepositoryProtocol.swift in Sources */ = {isa = PBXBuildFile; fileRef = FCE020742661174B00F97F5E /* QuizRepositoryProtocol.swift */; };
		FCE020772661176800F97F5E /* QuizRepository.swift in Sources */ = {isa = PBXBuildFile; fileRef = FCE020762661176800F97F5E /* QuizRepository.swift */; };
		FCE0207B266117FD00F97F5E /* QuizNetworkDataSource.swift in Sources */ = {isa = PBXBuildFile; fileRef = FCE0207A266117FD00F97F5E /* QuizNetworkDataSource.swift */; };
		FCE0207D2661182400F97F5E /* QuizDatabaseDataSource.swift in Sources */ = {isa = PBXBuildFile; fileRef = FCE0207C2661182400F97F5E /* QuizDatabaseDataSource.swift */; };
		FCE2A03D2649DC0900B88387 /* LeaderboardViewController.swift in Sources */ = {isa = PBXBuildFile; fileRef = FCE2A03C2649DC0900B88387 /* LeaderboardViewController.swift */; };
		FCE2A03F264A8DB000B88387 /* LeaderboardResult.swift in Sources */ = {isa = PBXBuildFile; fileRef = FCE2A03E264A8DB000B88387 /* LeaderboardResult.swift */; };
		FCE2A041264A91E900B88387 /* LeaderboardCell.swift in Sources */ = {isa = PBXBuildFile; fileRef = FCE2A040264A91E900B88387 /* LeaderboardCell.swift */; };
		FCE2A070264B247900B88387 /* LoginDelegate.swift in Sources */ = {isa = PBXBuildFile; fileRef = FCE2A06F264B247900B88387 /* LoginDelegate.swift */; };
		FCE2A076264B25D700B88387 /* LoginPresenterProtocol.swift in Sources */ = {isa = PBXBuildFile; fileRef = FCE2A075264B25D700B88387 /* LoginPresenterProtocol.swift */; };
		FCE2A078264B25E100B88387 /* LoginPresenter.swift in Sources */ = {isa = PBXBuildFile; fileRef = FCE2A077264B25E100B88387 /* LoginPresenter.swift */; };
		FCE2A07A264B367000B88387 /* Presenter.swift in Sources */ = {isa = PBXBuildFile; fileRef = FCE2A079264B367000B88387 /* Presenter.swift */; };
		FCE2A07C264B369200B88387 /* Delegate.swift in Sources */ = {isa = PBXBuildFile; fileRef = FCE2A07B264B369200B88387 /* Delegate.swift */; };
		FCE2A07F264B3F5E00B88387 /* QuizzesPresenterProtocol.swift in Sources */ = {isa = PBXBuildFile; fileRef = FCE2A07E264B3F5E00B88387 /* QuizzesPresenterProtocol.swift */; };
		FCE2A081264B3F6800B88387 /* QuizzesPresenter.swift in Sources */ = {isa = PBXBuildFile; fileRef = FCE2A080264B3F6800B88387 /* QuizzesPresenter.swift */; };
		FCE2A084264B3FFC00B88387 /* QuizzesDelegate.swift in Sources */ = {isa = PBXBuildFile; fileRef = FCE2A083264B3FFC00B88387 /* QuizzesDelegate.swift */; };
		FCE2A088264C011A00B88387 /* QuizPresenterProtocol.swift in Sources */ = {isa = PBXBuildFile; fileRef = FCE2A087264C011A00B88387 /* QuizPresenterProtocol.swift */; };
		FCE2A08A264C012400B88387 /* QuizPresenter.swift in Sources */ = {isa = PBXBuildFile; fileRef = FCE2A089264C012400B88387 /* QuizPresenter.swift */; };
		FCE2A08C264C015F00B88387 /* QuizDelegate.swift in Sources */ = {isa = PBXBuildFile; fileRef = FCE2A08B264C015F00B88387 /* QuizDelegate.swift */; };
		FCE2A08F264C0C1200B88387 /* QuizResultDelegate.swift in Sources */ = {isa = PBXBuildFile; fileRef = FCE2A08E264C0C1200B88387 /* QuizResultDelegate.swift */; };
		FCE2A092264C0C6700B88387 /* QuizResultPresenterProtocol.swift in Sources */ = {isa = PBXBuildFile; fileRef = FCE2A091264C0C6700B88387 /* QuizResultPresenterProtocol.swift */; };
		FCE2A094264C0C7300B88387 /* QuizResultPresenter.swift in Sources */ = {isa = PBXBuildFile; fileRef = FCE2A093264C0C7300B88387 /* QuizResultPresenter.swift */; };
		FCE2A097264C1C1A00B88387 /* LeaderboardDelegate.swift in Sources */ = {isa = PBXBuildFile; fileRef = FCE2A096264C1C1A00B88387 /* LeaderboardDelegate.swift */; };
		FCE2A09A264C1CA700B88387 /* LeaderboardPresenterProtocol.swift in Sources */ = {isa = PBXBuildFile; fileRef = FCE2A099264C1CA700B88387 /* LeaderboardPresenterProtocol.swift */; };
		FCE2A09C264C1CB200B88387 /* LeaderboardPresenter.swift in Sources */ = {isa = PBXBuildFile; fileRef = FCE2A09B264C1CB200B88387 /* LeaderboardPresenter.swift */; };
		FCE2A0A0264C275E00B88387 /* SettingsPresenterProtocol.swift in Sources */ = {isa = PBXBuildFile; fileRef = FCE2A09F264C275E00B88387 /* SettingsPresenterProtocol.swift */; };
		FCE2A0A2264C276900B88387 /* SettingsPresenter.swift in Sources */ = {isa = PBXBuildFile; fileRef = FCE2A0A1264C276900B88387 /* SettingsPresenter.swift */; };
		FCE2A0A4264C278100B88387 /* SettingsDelegate.swift in Sources */ = {isa = PBXBuildFile; fileRef = FCE2A0A3264C278100B88387 /* SettingsDelegate.swift */; };
		FCE2A0A6264C2E7400B88387 /* NetworkServiceProtocol.swift in Sources */ = {isa = PBXBuildFile; fileRef = FCE2A0A5264C2E7400B88387 /* NetworkServiceProtocol.swift */; };
		FCE2A0A8264C2E8200B88387 /* NetworkService.swift in Sources */ = {isa = PBXBuildFile; fileRef = FCE2A0A7264C2E8200B88387 /* NetworkService.swift */; };
		FCE2A0AB264D4C7C00B88387 /* RequestError.swift in Sources */ = {isa = PBXBuildFile; fileRef = FCE2A0AA264D4C7C00B88387 /* RequestError.swift */; };
		FCE2A0AD264D4CA300B88387 /* Result.swift in Sources */ = {isa = PBXBuildFile; fileRef = FCE2A0AC264D4CA300B88387 /* Result.swift */; };
		FCE2A0B2264D518300B88387 /* URLBuilder.swift in Sources */ = {isa = PBXBuildFile; fileRef = FCE2A0B1264D518300B88387 /* URLBuilder.swift */; };
		FCE2A0B4264D592E00B88387 /* User.swift in Sources */ = {isa = PBXBuildFile; fileRef = FCE2A0B3264D592E00B88387 /* User.swift */; };
		FCE7B470263F46F000BF50A3 /* Coordinator.swift in Sources */ = {isa = PBXBuildFile; fileRef = FCE7B46F263F46F000BF50A3 /* Coordinator.swift */; };
		FCE7B473263F804C00BF50A3 /* MainCoordinator.swift in Sources */ = {isa = PBXBuildFile; fileRef = FCE7B472263F804C00BF50A3 /* MainCoordinator.swift */; };
		FCE7B47526402EC900BF50A3 /* QuestionViewController.swift in Sources */ = {isa = PBXBuildFile; fileRef = FCE7B47426402EC900BF50A3 /* QuestionViewController.swift */; };
		FCE7B47726404CDC00BF50A3 /* QuizzesCoordinator.swift in Sources */ = {isa = PBXBuildFile; fileRef = FCE7B47626404CDC00BF50A3 /* QuizzesCoordinator.swift */; };
		FCE7B479264189CB00BF50A3 /* NavBar.swift in Sources */ = {isa = PBXBuildFile; fileRef = FCE7B478264189CB00BF50A3 /* NavBar.swift */; };
		FCE7B47B2642D3D100BF50A3 /* QuizResultViewController.swift in Sources */ = {isa = PBXBuildFile; fileRef = FCE7B47A2642D3D100BF50A3 /* QuizResultViewController.swift */; };
		FCE7B47D2642EEB600BF50A3 /* QuizViewController.swift in Sources */ = {isa = PBXBuildFile; fileRef = FCE7B47C2642EEB600BF50A3 /* QuizViewController.swift */; };
		FCE7B47F2643518600BF50A3 /* ProgressStackView.swift in Sources */ = {isa = PBXBuildFile; fileRef = FCE7B47E2643518600BF50A3 /* ProgressStackView.swift */; };
		FCE7B48126435BCB00BF50A3 /* LoginCoordinator.swift in Sources */ = {isa = PBXBuildFile; fileRef = FCE7B48026435BCB00BF50A3 /* LoginCoordinator.swift */; };
		FCE7B48726443BFC00BF50A3 /* SettingsViewController.swift in Sources */ = {isa = PBXBuildFile; fileRef = FCE7B48626443BFC00BF50A3 /* SettingsViewController.swift */; };
/* End PBXBuildFile section */

/* Begin PBXFileReference section */
		49C2C44ECC487E679DD4B9E8 /* Pods-QuizApp.release.xcconfig */ = {isa = PBXFileReference; includeInIndex = 1; lastKnownFileType = text.xcconfig; name = "Pods-QuizApp.release.xcconfig"; path = "Target Support Files/Pods-QuizApp/Pods-QuizApp.release.xcconfig"; sourceTree = "<group>"; };
		8B831740198B91809DE11D8C /* Pods-QuizApp.debug.xcconfig */ = {isa = PBXFileReference; includeInIndex = 1; lastKnownFileType = text.xcconfig; name = "Pods-QuizApp.debug.xcconfig"; path = "Target Support Files/Pods-QuizApp/Pods-QuizApp.debug.xcconfig"; sourceTree = "<group>"; };
		B6258F4F0B0915E60657338D /* Pods_QuizApp.framework */ = {isa = PBXFileReference; explicitFileType = wrapper.framework; includeInIndex = 0; path = Pods_QuizApp.framework; sourceTree = BUILT_PRODUCTS_DIR; };
		FC2D76BE26629104001D7D4F /* QuizDatabaseDataSourceProtocol.swift */ = {isa = PBXFileReference; lastKnownFileType = sourcecode.swift; path = QuizDatabaseDataSourceProtocol.swift; sourceTree = "<group>"; };
		FC2D76C026629140001D7D4F /* QuizNetworkDataSourceProtocol.swift */ = {isa = PBXFileReference; lastKnownFileType = sourcecode.swift; path = QuizNetworkDataSourceProtocol.swift; sourceTree = "<group>"; };
		FC2D76C62662933F001D7D4F /* QuizUseCase.swift */ = {isa = PBXFileReference; lastKnownFileType = sourcecode.swift; path = QuizUseCase.swift; sourceTree = "<group>"; };
		FC2D76C82662936B001D7D4F /* QuizUseCaseProtocol.swift */ = {isa = PBXFileReference; lastKnownFileType = sourcecode.swift; path = QuizUseCaseProtocol.swift; sourceTree = "<group>"; };
		FC2D76CB26629858001D7D4F /* QuizCollection.swift */ = {isa = PBXFileReference; lastKnownFileType = sourcecode.swift; path = QuizCollection.swift; sourceTree = "<group>"; };
		FC2D76CD26629961001D7D4F /* QuizViewModel.swift */ = {isa = PBXFileReference; lastKnownFileType = sourcecode.swift; path = QuizViewModel.swift; sourceTree = "<group>"; };
		FC2D76CF26629C91001D7D4F /* UserUseCaseProtocol.swift */ = {isa = PBXFileReference; lastKnownFileType = sourcecode.swift; path = UserUseCaseProtocol.swift; sourceTree = "<group>"; };
		FC2D76D126629E4A001D7D4F /* UserUseCase.swift */ = {isa = PBXFileReference; lastKnownFileType = sourcecode.swift; path = UserUseCase.swift; sourceTree = "<group>"; };
		FC2D76D32662A9D8001D7D4F /* QuestionViewModel.swift */ = {isa = PBXFileReference; lastKnownFileType = sourcecode.swift; path = QuestionViewModel.swift; sourceTree = "<group>"; };
		FC2D76D52662D621001D7D4F /* CoreDataStack.swift */ = {isa = PBXFileReference; lastKnownFileType = sourcecode.swift; path = CoreDataStack.swift; sourceTree = "<group>"; };
		FC2D76E82662E354001D7D4F /* FilterSettings.swift */ = {isa = PBXFileReference; lastKnownFileType = sourcecode.swift; path = FilterSettings.swift; sourceTree = "<group>"; };
		FC2D76EA2662EBE8001D7D4F /* Quiz+CD.swift */ = {isa = PBXFileReference; lastKnownFileType = sourcecode.swift; path = "Quiz+CD.swift"; sourceTree = "<group>"; };
		FC2D76FC2662F4E7001D7D4F /* CDQuestion+CoreDataClass.swift */ = {isa = PBXFileReference; lastKnownFileType = sourcecode.swift; path = "CDQuestion+CoreDataClass.swift"; sourceTree = SOURCE_ROOT; };
		FC2D76FD2662F4E7001D7D4F /* CDQuestion+CoreDataProperties.swift */ = {isa = PBXFileReference; lastKnownFileType = sourcecode.swift; path = "CDQuestion+CoreDataProperties.swift"; sourceTree = SOURCE_ROOT; };
		FC2D76FE2662F4E7001D7D4F /* CDQuiz+CoreDataClass.swift */ = {isa = PBXFileReference; lastKnownFileType = sourcecode.swift; path = "CDQuiz+CoreDataClass.swift"; sourceTree = SOURCE_ROOT; };
		FC2D76FF2662F4E7001D7D4F /* CDQuiz+CoreDataProperties.swift */ = {isa = PBXFileReference; lastKnownFileType = sourcecode.swift; path = "CDQuiz+CoreDataProperties.swift"; sourceTree = SOURCE_ROOT; };
		FC2D77042662F583001D7D4F /* Question+CD.swift */ = {isa = PBXFileReference; lastKnownFileType = sourcecode.swift; path = "Question+CD.swift"; sourceTree = "<group>"; };
		FC2D77062663BAEA001D7D4F /* LeaderboardUseCase.swift */ = {isa = PBXFileReference; lastKnownFileType = sourcecode.swift; path = LeaderboardUseCase.swift; sourceTree = "<group>"; };
		FC2D77082663BAF5001D7D4F /* LeaderboardUseCaseProtocol.swift */ = {isa = PBXFileReference; lastKnownFileType = sourcecode.swift; path = LeaderboardUseCaseProtocol.swift; sourceTree = "<group>"; };
		FC2F10CC265C015F0032D260 /* UserCredentialsServiceProtocol.swift */ = {isa = PBXFileReference; lastKnownFileType = sourcecode.swift; path = UserCredentialsServiceProtocol.swift; sourceTree = "<group>"; };
		FC2F10CE265C01E30032D260 /* UserCredentialsService.swift */ = {isa = PBXFileReference; lastKnownFileType = sourcecode.swift; path = UserCredentialsService.swift; sourceTree = "<group>"; };
		FC405C6B264DB7DC003FD41A /* QuizResult.swift */ = {isa = PBXFileReference; lastKnownFileType = sourcecode.swift; path = QuizResult.swift; sourceTree = "<group>"; };
		FC615F74262126E8004B1ACB /* LoginViewController.swift */ = {isa = PBXFileReference; lastKnownFileType = sourcecode.swift; path = LoginViewController.swift; sourceTree = "<group>"; };
		FC615F7A26212771004B1ACB /* QuizCategory.swift */ = {isa = PBXFileReference; fileEncoding = 4; lastKnownFileType = sourcecode.swift; path = QuizCategory.swift; sourceTree = "<group>"; };
		FC615F7B26212771004B1ACB /* Question.swift */ = {isa = PBXFileReference; fileEncoding = 4; lastKnownFileType = sourcecode.swift; path = Question.swift; sourceTree = "<group>"; };
		FC615F7D26212771004B1ACB /* Quiz.swift */ = {isa = PBXFileReference; fileEncoding = 4; lastKnownFileType = sourcecode.swift; path = Quiz.swift; sourceTree = "<group>"; };
		FC615F9A26220ED7004B1ACB /* Label.swift */ = {isa = PBXFileReference; lastKnownFileType = sourcecode.swift; path = Label.swift; sourceTree = "<group>"; };
		FC615FA1262217FC004B1ACB /* Utils.swift */ = {isa = PBXFileReference; lastKnownFileType = sourcecode.swift; path = Utils.swift; sourceTree = "<group>"; };
		FC615FA426221F9C004B1ACB /* TextField.swift */ = {isa = PBXFileReference; lastKnownFileType = sourcecode.swift; path = TextField.swift; sourceTree = "<group>"; };
		FC615FAA262236B6004B1ACB /* Button.swift */ = {isa = PBXFileReference; lastKnownFileType = sourcecode.swift; path = Button.swift; sourceTree = "<group>"; };
		FC615FB326238BB4004B1ACB /* ErrorLabel.swift */ = {isa = PBXFileReference; lastKnownFileType = sourcecode.swift; path = ErrorLabel.swift; sourceTree = "<group>"; };
		FC615FB82623B224004B1ACB /* QuizzesViewController.swift */ = {isa = PBXFileReference; lastKnownFileType = sourcecode.swift; path = QuizzesViewController.swift; sourceTree = "<group>"; };
		FCB23E3F261B385E00405F5D /* QuizApp.app */ = {isa = PBXFileReference; explicitFileType = wrapper.application; includeInIndex = 0; path = QuizApp.app; sourceTree = BUILT_PRODUCTS_DIR; };
		FCB23E42261B385E00405F5D /* AppDelegate.swift */ = {isa = PBXFileReference; lastKnownFileType = sourcecode.swift; path = AppDelegate.swift; sourceTree = "<group>"; };
		FCB23E44261B385E00405F5D /* SceneDelegate.swift */ = {isa = PBXFileReference; lastKnownFileType = sourcecode.swift; path = SceneDelegate.swift; sourceTree = "<group>"; };
		FCB23E4B261B386000405F5D /* Assets.xcassets */ = {isa = PBXFileReference; lastKnownFileType = folder.assetcatalog; path = Assets.xcassets; sourceTree = "<group>"; };
		FCB23E4E261B386000405F5D /* Base */ = {isa = PBXFileReference; lastKnownFileType = file.storyboard; name = Base; path = Base.lproj/LaunchScreen.storyboard; sourceTree = "<group>"; };
		FCB23E50261B386000405F5D /* Info.plist */ = {isa = PBXFileReference; lastKnownFileType = text.plist.xml; path = Info.plist; sourceTree = "<group>"; };
		FCC9C24A2624BA6C00510DDB /* QuizCell.swift */ = {isa = PBXFileReference; lastKnownFileType = sourcecode.swift; path = QuizCell.swift; sourceTree = "<group>"; };
		FCE020742661174B00F97F5E /* QuizRepositoryProtocol.swift */ = {isa = PBXFileReference; lastKnownFileType = sourcecode.swift; path = QuizRepositoryProtocol.swift; sourceTree = "<group>"; };
		FCE020762661176800F97F5E /* QuizRepository.swift */ = {isa = PBXFileReference; lastKnownFileType = sourcecode.swift; path = QuizRepository.swift; sourceTree = "<group>"; };
		FCE0207A266117FD00F97F5E /* QuizNetworkDataSource.swift */ = {isa = PBXFileReference; lastKnownFileType = sourcecode.swift; path = QuizNetworkDataSource.swift; sourceTree = "<group>"; };
		FCE0207C2661182400F97F5E /* QuizDatabaseDataSource.swift */ = {isa = PBXFileReference; lastKnownFileType = sourcecode.swift; path = QuizDatabaseDataSource.swift; sourceTree = "<group>"; };
		FCE0208526624D3B00F97F5E /* Model.xcdatamodel */ = {isa = PBXFileReference; lastKnownFileType = wrapper.xcdatamodel; path = Model.xcdatamodel; sourceTree = "<group>"; };
		FCE2A03C2649DC0900B88387 /* LeaderboardViewController.swift */ = {isa = PBXFileReference; lastKnownFileType = sourcecode.swift; path = LeaderboardViewController.swift; sourceTree = "<group>"; };
		FCE2A03E264A8DB000B88387 /* LeaderboardResult.swift */ = {isa = PBXFileReference; lastKnownFileType = sourcecode.swift; path = LeaderboardResult.swift; sourceTree = "<group>"; };
		FCE2A040264A91E900B88387 /* LeaderboardCell.swift */ = {isa = PBXFileReference; lastKnownFileType = sourcecode.swift; path = LeaderboardCell.swift; sourceTree = "<group>"; };
		FCE2A06F264B247900B88387 /* LoginDelegate.swift */ = {isa = PBXFileReference; lastKnownFileType = sourcecode.swift; path = LoginDelegate.swift; sourceTree = "<group>"; };
		FCE2A075264B25D700B88387 /* LoginPresenterProtocol.swift */ = {isa = PBXFileReference; lastKnownFileType = sourcecode.swift; path = LoginPresenterProtocol.swift; sourceTree = "<group>"; };
		FCE2A077264B25E100B88387 /* LoginPresenter.swift */ = {isa = PBXFileReference; lastKnownFileType = sourcecode.swift; path = LoginPresenter.swift; sourceTree = "<group>"; };
		FCE2A079264B367000B88387 /* Presenter.swift */ = {isa = PBXFileReference; lastKnownFileType = sourcecode.swift; path = Presenter.swift; sourceTree = "<group>"; };
		FCE2A07B264B369200B88387 /* Delegate.swift */ = {isa = PBXFileReference; lastKnownFileType = sourcecode.swift; path = Delegate.swift; sourceTree = "<group>"; };
		FCE2A07E264B3F5E00B88387 /* QuizzesPresenterProtocol.swift */ = {isa = PBXFileReference; lastKnownFileType = sourcecode.swift; path = QuizzesPresenterProtocol.swift; sourceTree = "<group>"; };
		FCE2A080264B3F6800B88387 /* QuizzesPresenter.swift */ = {isa = PBXFileReference; lastKnownFileType = sourcecode.swift; path = QuizzesPresenter.swift; sourceTree = "<group>"; };
		FCE2A083264B3FFC00B88387 /* QuizzesDelegate.swift */ = {isa = PBXFileReference; lastKnownFileType = sourcecode.swift; path = QuizzesDelegate.swift; sourceTree = "<group>"; };
		FCE2A087264C011A00B88387 /* QuizPresenterProtocol.swift */ = {isa = PBXFileReference; lastKnownFileType = sourcecode.swift; path = QuizPresenterProtocol.swift; sourceTree = "<group>"; };
		FCE2A089264C012400B88387 /* QuizPresenter.swift */ = {isa = PBXFileReference; lastKnownFileType = sourcecode.swift; path = QuizPresenter.swift; sourceTree = "<group>"; };
		FCE2A08B264C015F00B88387 /* QuizDelegate.swift */ = {isa = PBXFileReference; lastKnownFileType = sourcecode.swift; path = QuizDelegate.swift; sourceTree = "<group>"; };
		FCE2A08E264C0C1200B88387 /* QuizResultDelegate.swift */ = {isa = PBXFileReference; lastKnownFileType = sourcecode.swift; path = QuizResultDelegate.swift; sourceTree = "<group>"; };
		FCE2A091264C0C6700B88387 /* QuizResultPresenterProtocol.swift */ = {isa = PBXFileReference; lastKnownFileType = sourcecode.swift; path = QuizResultPresenterProtocol.swift; sourceTree = "<group>"; };
		FCE2A093264C0C7300B88387 /* QuizResultPresenter.swift */ = {isa = PBXFileReference; lastKnownFileType = sourcecode.swift; path = QuizResultPresenter.swift; sourceTree = "<group>"; };
		FCE2A096264C1C1A00B88387 /* LeaderboardDelegate.swift */ = {isa = PBXFileReference; lastKnownFileType = sourcecode.swift; path = LeaderboardDelegate.swift; sourceTree = "<group>"; };
		FCE2A099264C1CA700B88387 /* LeaderboardPresenterProtocol.swift */ = {isa = PBXFileReference; lastKnownFileType = sourcecode.swift; path = LeaderboardPresenterProtocol.swift; sourceTree = "<group>"; };
		FCE2A09B264C1CB200B88387 /* LeaderboardPresenter.swift */ = {isa = PBXFileReference; lastKnownFileType = sourcecode.swift; path = LeaderboardPresenter.swift; sourceTree = "<group>"; };
		FCE2A09F264C275E00B88387 /* SettingsPresenterProtocol.swift */ = {isa = PBXFileReference; lastKnownFileType = sourcecode.swift; path = SettingsPresenterProtocol.swift; sourceTree = "<group>"; };
		FCE2A0A1264C276900B88387 /* SettingsPresenter.swift */ = {isa = PBXFileReference; lastKnownFileType = sourcecode.swift; path = SettingsPresenter.swift; sourceTree = "<group>"; };
		FCE2A0A3264C278100B88387 /* SettingsDelegate.swift */ = {isa = PBXFileReference; lastKnownFileType = sourcecode.swift; path = SettingsDelegate.swift; sourceTree = "<group>"; };
		FCE2A0A5264C2E7400B88387 /* NetworkServiceProtocol.swift */ = {isa = PBXFileReference; lastKnownFileType = sourcecode.swift; path = NetworkServiceProtocol.swift; sourceTree = "<group>"; };
		FCE2A0A7264C2E8200B88387 /* NetworkService.swift */ = {isa = PBXFileReference; lastKnownFileType = sourcecode.swift; path = NetworkService.swift; sourceTree = "<group>"; };
		FCE2A0AA264D4C7C00B88387 /* RequestError.swift */ = {isa = PBXFileReference; lastKnownFileType = sourcecode.swift; path = RequestError.swift; sourceTree = "<group>"; };
		FCE2A0AC264D4CA300B88387 /* Result.swift */ = {isa = PBXFileReference; lastKnownFileType = sourcecode.swift; path = Result.swift; sourceTree = "<group>"; };
		FCE2A0B1264D518300B88387 /* URLBuilder.swift */ = {isa = PBXFileReference; lastKnownFileType = sourcecode.swift; path = URLBuilder.swift; sourceTree = "<group>"; };
		FCE2A0B3264D592E00B88387 /* User.swift */ = {isa = PBXFileReference; lastKnownFileType = sourcecode.swift; path = User.swift; sourceTree = "<group>"; };
		FCE7B46F263F46F000BF50A3 /* Coordinator.swift */ = {isa = PBXFileReference; lastKnownFileType = sourcecode.swift; path = Coordinator.swift; sourceTree = "<group>"; };
		FCE7B472263F804C00BF50A3 /* MainCoordinator.swift */ = {isa = PBXFileReference; lastKnownFileType = sourcecode.swift; path = MainCoordinator.swift; sourceTree = "<group>"; };
		FCE7B47426402EC900BF50A3 /* QuestionViewController.swift */ = {isa = PBXFileReference; lastKnownFileType = sourcecode.swift; path = QuestionViewController.swift; sourceTree = "<group>"; };
		FCE7B47626404CDC00BF50A3 /* QuizzesCoordinator.swift */ = {isa = PBXFileReference; lastKnownFileType = sourcecode.swift; path = QuizzesCoordinator.swift; sourceTree = "<group>"; };
		FCE7B478264189CB00BF50A3 /* NavBar.swift */ = {isa = PBXFileReference; lastKnownFileType = sourcecode.swift; path = NavBar.swift; sourceTree = "<group>"; };
		FCE7B47A2642D3D100BF50A3 /* QuizResultViewController.swift */ = {isa = PBXFileReference; lastKnownFileType = sourcecode.swift; path = QuizResultViewController.swift; sourceTree = "<group>"; };
		FCE7B47C2642EEB600BF50A3 /* QuizViewController.swift */ = {isa = PBXFileReference; lastKnownFileType = sourcecode.swift; path = QuizViewController.swift; sourceTree = "<group>"; };
		FCE7B47E2643518600BF50A3 /* ProgressStackView.swift */ = {isa = PBXFileReference; lastKnownFileType = sourcecode.swift; path = ProgressStackView.swift; sourceTree = "<group>"; };
		FCE7B48026435BCB00BF50A3 /* LoginCoordinator.swift */ = {isa = PBXFileReference; lastKnownFileType = sourcecode.swift; path = LoginCoordinator.swift; sourceTree = "<group>"; };
		FCE7B48626443BFC00BF50A3 /* SettingsViewController.swift */ = {isa = PBXFileReference; lastKnownFileType = sourcecode.swift; path = SettingsViewController.swift; sourceTree = "<group>"; };
/* End PBXFileReference section */

/* Begin PBXFrameworksBuildPhase section */
		FCB23E3C261B385E00405F5D /* Frameworks */ = {
			isa = PBXFrameworksBuildPhase;
			buildActionMask = 2147483647;
			files = (
				869F6FDCC29F903752DAFA71 /* Pods_QuizApp.framework in Frameworks */,
			);
			runOnlyForDeploymentPostprocessing = 0;
		};
/* End PBXFrameworksBuildPhase section */

/* Begin PBXGroup section */
		0D573BEE477CE9B591C28B7C /* Frameworks */ = {
			isa = PBXGroup;
			children = (
				B6258F4F0B0915E60657338D /* Pods_QuizApp.framework */,
			);
			name = Frameworks;
			sourceTree = "<group>";
		};
		368F3EF55C5BD342C2F200D7 /* Pods */ = {
			isa = PBXGroup;
			children = (
				8B831740198B91809DE11D8C /* Pods-QuizApp.debug.xcconfig */,
				49C2C44ECC487E679DD4B9E8 /* Pods-QuizApp.release.xcconfig */,
			);
			path = Pods;
			sourceTree = "<group>";
		};
		FC2D76C52662931D001D7D4F /* DomainLayer */ = {
			isa = PBXGroup;
			children = (
				FC2D76C82662936B001D7D4F /* QuizUseCaseProtocol.swift */,
				FC2D76C62662933F001D7D4F /* QuizUseCase.swift */,
				FC2D76CF26629C91001D7D4F /* UserUseCaseProtocol.swift */,
				FC2D76D126629E4A001D7D4F /* UserUseCase.swift */,
				FC2D77062663BAEA001D7D4F /* LeaderboardUseCase.swift */,
				FC2D77082663BAF5001D7D4F /* LeaderboardUseCaseProtocol.swift */,
			);
			path = DomainLayer;
			sourceTree = "<group>";
		};
		FC2D76CA26629837001D7D4F /* Models */ = {
			isa = PBXGroup;
			children = (
				FCE2A03E264A8DB000B88387 /* LeaderboardResult.swift */,
				FC615F7A26212771004B1ACB /* QuizCategory.swift */,
				FC405C6B264DB7DC003FD41A /* QuizResult.swift */,
				FCE2A0B3264D592E00B88387 /* User.swift */,
				FC615F7B26212771004B1ACB /* Question.swift */,
				FC2D77042662F583001D7D4F /* Question+CD.swift */,
				FC615F7D26212771004B1ACB /* Quiz.swift */,
				FC2D76EA2662EBE8001D7D4F /* Quiz+CD.swift */,
				FC2D76CB26629858001D7D4F /* QuizCollection.swift */,
				FC2D76E82662E354001D7D4F /* FilterSettings.swift */,
			);
			path = Models;
			sourceTree = "<group>";
		};
		FC405C6A264DB4BB003FD41A /* Services */ = {
			isa = PBXGroup;
			children = (
				FCE2A0A9264D4C6600B88387 /* ServiceUtils */,
				FCE2A0A7264C2E8200B88387 /* NetworkService.swift */,
				FCE2A0A5264C2E7400B88387 /* NetworkServiceProtocol.swift */,
				FC2F10CE265C01E30032D260 /* UserCredentialsService.swift */,
				FC2F10CC265C015F0032D260 /* UserCredentialsServiceProtocol.swift */,
			);
			path = Services;
			sourceTree = "<group>";
		};
		FC615F8D262209E9004B1ACB /* Views */ = {
			isa = PBXGroup;
			children = (
				FCE2A07B264B369200B88387 /* Delegate.swift */,
				FC615FA726222655004B1ACB /* Components */,
				FCE2A095264C1C0400B88387 /* Leaderboard */,
				FCE2A06E264B246600B88387 /* Login */,
				FCE2A085264C00F600B88387 /* Quiz */,
				FCE2A08D264C0B5100B88387 /* QuizResult */,
				FCE2A082264B3FE700B88387 /* Quizzes */,
				FCE2A09D264C261C00B88387 /* Settings */,
			);
			path = Views;
			sourceTree = "<group>";
		};
		FC615F8F26220A16004B1ACB /* ViewModels */ = {
			isa = PBXGroup;
			children = (
				FC2D76CD26629961001D7D4F /* QuizViewModel.swift */,
				FC2D76D32662A9D8001D7D4F /* QuestionViewModel.swift */,
			);
			path = ViewModels;
			sourceTree = "<group>";
		};
		FC615FA726222655004B1ACB /* Components */ = {
			isa = PBXGroup;
			children = (
				FC615FA426221F9C004B1ACB /* TextField.swift */,
				FC615F9A26220ED7004B1ACB /* Label.swift */,
				FC615FAA262236B6004B1ACB /* Button.swift */,
				FC615FB326238BB4004B1ACB /* ErrorLabel.swift */,
				FCC9C24A2624BA6C00510DDB /* QuizCell.swift */,
				FCE7B478264189CB00BF50A3 /* NavBar.swift */,
				FCE7B47E2643518600BF50A3 /* ProgressStackView.swift */,
				FCE2A040264A91E900B88387 /* LeaderboardCell.swift */,
			);
			path = Components;
			sourceTree = "<group>";
		};
		FCB23E36261B385E00405F5D = {
			isa = PBXGroup;
			children = (
				0D573BEE477CE9B591C28B7C /* Frameworks */,
				368F3EF55C5BD342C2F200D7 /* Pods */,
				FCB23E40261B385E00405F5D /* Products */,
				FCB23E41261B385E00405F5D /* QuizApp */,
				FCE0207E2662434F00F97F5E /* SupportingFiles */,
			);
			sourceTree = "<group>";
		};
		FCB23E40261B385E00405F5D /* Products */ = {
			isa = PBXGroup;
			children = (
				FCB23E3F261B385E00405F5D /* QuizApp.app */,
			);
			name = Products;
			sourceTree = "<group>";
		};
		FCB23E41261B385E00405F5D /* QuizApp */ = {
			isa = PBXGroup;
			children = (
				FCE0207F26624A8B00F97F5E /* PresentationLayer */,
				FC2D76C52662931D001D7D4F /* DomainLayer */,
				FCE0208026624B5E00F97F5E /* DataLayer */,
				FCB23E50261B386000405F5D /* Info.plist */,
			);
			path = QuizApp;
			sourceTree = "<group>";
		};
		FCE020732661171500F97F5E /* Repository */ = {
			isa = PBXGroup;
			children = (
				FCE020742661174B00F97F5E /* QuizRepositoryProtocol.swift */,
				FCE020762661176800F97F5E /* QuizRepository.swift */,
			);
			path = Repository;
			sourceTree = "<group>";
		};
		FCE0207E2662434F00F97F5E /* SupportingFiles */ = {
			isa = PBXGroup;
			children = (
				FCB23E42261B385E00405F5D /* AppDelegate.swift */,
				FCB23E44261B385E00405F5D /* SceneDelegate.swift */,
				FC615FA1262217FC004B1ACB /* Utils.swift */,
				FCB23E4D261B386000405F5D /* LaunchScreen.storyboard */,
				FCB23E4B261B386000405F5D /* Assets.xcassets */,
			);
			path = SupportingFiles;
			sourceTree = "<group>";
		};
		FCE0207F26624A8B00F97F5E /* PresentationLayer */ = {
			isa = PBXGroup;
			children = (
				FC615F8F26220A16004B1ACB /* ViewModels */,
				FC615F8D262209E9004B1ACB /* Views */,
				FCE2A06C264B240B00B88387 /* Presenters */,
				FCE7B471263F48D800BF50A3 /* Coordinators */,
			);
			path = PresentationLayer;
			sourceTree = "<group>";
		};
		FCE0208026624B5E00F97F5E /* DataLayer */ = {
			isa = PBXGroup;
			children = (
				FC2D76CA26629837001D7D4F /* Models */,
				FC405C6A264DB4BB003FD41A /* Services */,
				FCE020732661171500F97F5E /* Repository */,
				FCE0208126624B7000F97F5E /* DataSources */,
			);
			path = DataLayer;
			sourceTree = "<group>";
		};
		FCE0208126624B7000F97F5E /* DataSources */ = {
			isa = PBXGroup;
			children = (
				FCE0208326624B9100F97F5E /* DatabaseDataSource */,
				FCE0208226624B8600F97F5E /* NetworkDataSource */,
			);
			path = DataSources;
			sourceTree = "<group>";
		};
		FCE0208226624B8600F97F5E /* NetworkDataSource */ = {
			isa = PBXGroup;
			children = (
				FCE0207A266117FD00F97F5E /* QuizNetworkDataSource.swift */,
				FC2D76C026629140001D7D4F /* QuizNetworkDataSourceProtocol.swift */,
			);
			path = NetworkDataSource;
			sourceTree = "<group>";
		};
		FCE0208326624B9100F97F5E /* DatabaseDataSource */ = {
			isa = PBXGroup;
			children = (
				FCE0208926628C6800F97F5E /* ManagedModels */,
				FCE0207C2661182400F97F5E /* QuizDatabaseDataSource.swift */,
				FC2D76BE26629104001D7D4F /* QuizDatabaseDataSourceProtocol.swift */,
				FC2D76D52662D621001D7D4F /* CoreDataStack.swift */,
				FCE0208426624D3B00F97F5E /* QuizDBModel.xcdatamodeld */,
			);
			path = DatabaseDataSource;
			sourceTree = "<group>";
		};
		FCE0208926628C6800F97F5E /* ManagedModels */ = {
			isa = PBXGroup;
			children = (
				FC2D76FC2662F4E7001D7D4F /* CDQuestion+CoreDataClass.swift */,
				FC2D76FD2662F4E7001D7D4F /* CDQuestion+CoreDataProperties.swift */,
				FC2D76FE2662F4E7001D7D4F /* CDQuiz+CoreDataClass.swift */,
				FC2D76FF2662F4E7001D7D4F /* CDQuiz+CoreDataProperties.swift */,
			);
			path = ManagedModels;
			sourceTree = "<group>";
		};
		FCE2A06B264B23AA00B88387 /* Protocols */ = {
			isa = PBXGroup;
			children = (
				FCE7B46F263F46F000BF50A3 /* Coordinator.swift */,
				FCE7B48026435BCB00BF50A3 /* LoginCoordinator.swift */,
				FCE7B47626404CDC00BF50A3 /* QuizzesCoordinator.swift */,
			);
			path = Protocols;
			sourceTree = "<group>";
		};
		FCE2A06C264B240B00B88387 /* Presenters */ = {
			isa = PBXGroup;
			children = (
				FCE2A079264B367000B88387 /* Presenter.swift */,
				FCE2A098264C1C8F00B88387 /* Leaderboard */,
				FCE2A06D264B245E00B88387 /* Login */,
				FCE2A086264C010700B88387 /* Quiz */,
				FCE2A090264C0C5200B88387 /* QuizResult */,
				FCE2A07D264B3F4800B88387 /* Quizzes */,
				FCE2A09E264C274E00B88387 /* Settings */,
			);
			path = Presenters;
			sourceTree = "<group>";
		};
		FCE2A06D264B245E00B88387 /* Login */ = {
			isa = PBXGroup;
			children = (
				FCE2A075264B25D700B88387 /* LoginPresenterProtocol.swift */,
				FCE2A077264B25E100B88387 /* LoginPresenter.swift */,
			);
			path = Login;
			sourceTree = "<group>";
		};
		FCE2A06E264B246600B88387 /* Login */ = {
			isa = PBXGroup;
			children = (
				FC615F74262126E8004B1ACB /* LoginViewController.swift */,
				FCE2A06F264B247900B88387 /* LoginDelegate.swift */,
			);
			path = Login;
			sourceTree = "<group>";
		};
		FCE2A07D264B3F4800B88387 /* Quizzes */ = {
			isa = PBXGroup;
			children = (
				FCE2A07E264B3F5E00B88387 /* QuizzesPresenterProtocol.swift */,
				FCE2A080264B3F6800B88387 /* QuizzesPresenter.swift */,
			);
			path = Quizzes;
			sourceTree = "<group>";
		};
		FCE2A082264B3FE700B88387 /* Quizzes */ = {
			isa = PBXGroup;
			children = (
				FC615FB82623B224004B1ACB /* QuizzesViewController.swift */,
				FCE2A083264B3FFC00B88387 /* QuizzesDelegate.swift */,
			);
			path = Quizzes;
			sourceTree = "<group>";
		};
		FCE2A085264C00F600B88387 /* Quiz */ = {
			isa = PBXGroup;
			children = (
				FCE7B47426402EC900BF50A3 /* QuestionViewController.swift */,
				FCE7B47C2642EEB600BF50A3 /* QuizViewController.swift */,
				FCE2A08B264C015F00B88387 /* QuizDelegate.swift */,
			);
			path = Quiz;
			sourceTree = "<group>";
		};
		FCE2A086264C010700B88387 /* Quiz */ = {
			isa = PBXGroup;
			children = (
				FCE2A087264C011A00B88387 /* QuizPresenterProtocol.swift */,
				FCE2A089264C012400B88387 /* QuizPresenter.swift */,
			);
			path = Quiz;
			sourceTree = "<group>";
		};
		FCE2A08D264C0B5100B88387 /* QuizResult */ = {
			isa = PBXGroup;
			children = (
				FCE7B47A2642D3D100BF50A3 /* QuizResultViewController.swift */,
				FCE2A08E264C0C1200B88387 /* QuizResultDelegate.swift */,
			);
			path = QuizResult;
			sourceTree = "<group>";
		};
		FCE2A090264C0C5200B88387 /* QuizResult */ = {
			isa = PBXGroup;
			children = (
				FCE2A091264C0C6700B88387 /* QuizResultPresenterProtocol.swift */,
				FCE2A093264C0C7300B88387 /* QuizResultPresenter.swift */,
			);
			path = QuizResult;
			sourceTree = "<group>";
		};
		FCE2A095264C1C0400B88387 /* Leaderboard */ = {
			isa = PBXGroup;
			children = (
				FCE2A03C2649DC0900B88387 /* LeaderboardViewController.swift */,
				FCE2A096264C1C1A00B88387 /* LeaderboardDelegate.swift */,
			);
			path = Leaderboard;
			sourceTree = "<group>";
		};
		FCE2A098264C1C8F00B88387 /* Leaderboard */ = {
			isa = PBXGroup;
			children = (
				FCE2A099264C1CA700B88387 /* LeaderboardPresenterProtocol.swift */,
				FCE2A09B264C1CB200B88387 /* LeaderboardPresenter.swift */,
			);
			path = Leaderboard;
			sourceTree = "<group>";
		};
		FCE2A09D264C261C00B88387 /* Settings */ = {
			isa = PBXGroup;
			children = (
				FCE7B48626443BFC00BF50A3 /* SettingsViewController.swift */,
				FCE2A0A3264C278100B88387 /* SettingsDelegate.swift */,
			);
			path = Settings;
			sourceTree = "<group>";
		};
		FCE2A09E264C274E00B88387 /* Settings */ = {
			isa = PBXGroup;
			children = (
				FCE2A09F264C275E00B88387 /* SettingsPresenterProtocol.swift */,
				FCE2A0A1264C276900B88387 /* SettingsPresenter.swift */,
			);
			path = Settings;
			sourceTree = "<group>";
		};
		FCE2A0A9264D4C6600B88387 /* ServiceUtils */ = {
			isa = PBXGroup;
			children = (
				FCE2A0AA264D4C7C00B88387 /* RequestError.swift */,
				FCE2A0AC264D4CA300B88387 /* Result.swift */,
				FCE2A0B1264D518300B88387 /* URLBuilder.swift */,
			);
			path = ServiceUtils;
			sourceTree = "<group>";
		};
		FCE7B471263F48D800BF50A3 /* Coordinators */ = {
			isa = PBXGroup;
			children = (
				FCE7B472263F804C00BF50A3 /* MainCoordinator.swift */,
				FCE2A06B264B23AA00B88387 /* Protocols */,
			);
			path = Coordinators;
			sourceTree = "<group>";
		};
/* End PBXGroup section */

/* Begin PBXNativeTarget section */
		FCB23E3E261B385E00405F5D /* QuizApp */ = {
			isa = PBXNativeTarget;
			buildConfigurationList = FCB23E53261B386000405F5D /* Build configuration list for PBXNativeTarget "QuizApp" */;
			buildPhases = (
				4B7EF005EAEAEACC53927521 /* [CP] Check Pods Manifest.lock */,
				FCB23E3B261B385E00405F5D /* Sources */,
				FCB23E3C261B385E00405F5D /* Frameworks */,
				FCB23E3D261B385E00405F5D /* Resources */,
				6B7751718EB5739EC2094366 /* [CP] Embed Pods Frameworks */,
			);
			buildRules = (
			);
			dependencies = (
			);
			name = QuizApp;
			productName = QuizApp;
			productReference = FCB23E3F261B385E00405F5D /* QuizApp.app */;
			productType = "com.apple.product-type.application";
		};
/* End PBXNativeTarget section */

/* Begin PBXProject section */
		FCB23E37261B385E00405F5D /* Project object */ = {
			isa = PBXProject;
			attributes = {
				LastSwiftUpdateCheck = 1240;
				LastUpgradeCheck = 1240;
				TargetAttributes = {
					FCB23E3E261B385E00405F5D = {
						CreatedOnToolsVersion = 12.4;
					};
				};
			};
			buildConfigurationList = FCB23E3A261B385E00405F5D /* Build configuration list for PBXProject "QuizApp" */;
			compatibilityVersion = "Xcode 9.3";
			developmentRegion = en;
			hasScannedForEncodings = 0;
			knownRegions = (
				en,
				Base,
			);
			mainGroup = FCB23E36261B385E00405F5D;
			productRefGroup = FCB23E40261B385E00405F5D /* Products */;
			projectDirPath = "";
			projectRoot = "";
			targets = (
				FCB23E3E261B385E00405F5D /* QuizApp */,
			);
		};
/* End PBXProject section */

/* Begin PBXResourcesBuildPhase section */
		FCB23E3D261B385E00405F5D /* Resources */ = {
			isa = PBXResourcesBuildPhase;
			buildActionMask = 2147483647;
			files = (
				FCB23E4F261B386000405F5D /* LaunchScreen.storyboard in Resources */,
				FCB23E4C261B386000405F5D /* Assets.xcassets in Resources */,
			);
			runOnlyForDeploymentPostprocessing = 0;
		};
/* End PBXResourcesBuildPhase section */

/* Begin PBXShellScriptBuildPhase section */
		4B7EF005EAEAEACC53927521 /* [CP] Check Pods Manifest.lock */ = {
			isa = PBXShellScriptBuildPhase;
			buildActionMask = 2147483647;
			files = (
			);
			inputFileListPaths = (
			);
			inputPaths = (
				"${PODS_PODFILE_DIR_PATH}/Podfile.lock",
				"${PODS_ROOT}/Manifest.lock",
			);
			name = "[CP] Check Pods Manifest.lock";
			outputFileListPaths = (
			);
			outputPaths = (
				"$(DERIVED_FILE_DIR)/Pods-QuizApp-checkManifestLockResult.txt",
			);
			runOnlyForDeploymentPostprocessing = 0;
			shellPath = /bin/sh;
			shellScript = "diff \"${PODS_PODFILE_DIR_PATH}/Podfile.lock\" \"${PODS_ROOT}/Manifest.lock\" > /dev/null\nif [ $? != 0 ] ; then\n    # print error to STDERR\n    echo \"error: The sandbox is not in sync with the Podfile.lock. Run 'pod install' or update your CocoaPods installation.\" >&2\n    exit 1\nfi\n# This output is used by Xcode 'outputs' to avoid re-running this script phase.\necho \"SUCCESS\" > \"${SCRIPT_OUTPUT_FILE_0}\"\n";
			showEnvVarsInLog = 0;
		};
		6B7751718EB5739EC2094366 /* [CP] Embed Pods Frameworks */ = {
			isa = PBXShellScriptBuildPhase;
			buildActionMask = 2147483647;
			files = (
			);
			inputFileListPaths = (
				"${PODS_ROOT}/Target Support Files/Pods-QuizApp/Pods-QuizApp-frameworks-${CONFIGURATION}-input-files.xcfilelist",
			);
			name = "[CP] Embed Pods Frameworks";
			outputFileListPaths = (
				"${PODS_ROOT}/Target Support Files/Pods-QuizApp/Pods-QuizApp-frameworks-${CONFIGURATION}-output-files.xcfilelist",
			);
			runOnlyForDeploymentPostprocessing = 0;
			shellPath = /bin/sh;
			shellScript = "\"${PODS_ROOT}/Target Support Files/Pods-QuizApp/Pods-QuizApp-frameworks.sh\"\n";
			showEnvVarsInLog = 0;
		};
/* End PBXShellScriptBuildPhase section */

/* Begin PBXSourcesBuildPhase section */
		FCB23E3B261B385E00405F5D /* Sources */ = {
			isa = PBXSourcesBuildPhase;
			buildActionMask = 2147483647;
			files = (
				FCE2A0A4264C278100B88387 /* SettingsDelegate.swift in Sources */,
				FC405C6C264DB7DC003FD41A /* QuizResult.swift in Sources */,
				FC615F8026212771004B1ACB /* QuizCategory.swift in Sources */,
				FC2D76D62662D621001D7D4F /* CoreDataStack.swift in Sources */,
				FC615F75262126E9004B1ACB /* LoginViewController.swift in Sources */,
				FCE7B47726404CDC00BF50A3 /* QuizzesCoordinator.swift in Sources */,
				FCE2A0B2264D518300B88387 /* URLBuilder.swift in Sources */,
				FCB23E43261B385E00405F5D /* AppDelegate.swift in Sources */,
				FC2D76C126629140001D7D4F /* QuizNetworkDataSourceProtocol.swift in Sources */,
				FCE2A094264C0C7300B88387 /* QuizResultPresenter.swift in Sources */,
				FC2D77022662F4E7001D7D4F /* CDQuiz+CoreDataClass.swift in Sources */,
				FCE2A041264A91E900B88387 /* LeaderboardCell.swift in Sources */,
				FCE2A03D2649DC0900B88387 /* LeaderboardViewController.swift in Sources */,
				FC615F8126212771004B1ACB /* Question.swift in Sources */,
				FCE020772661176800F97F5E /* QuizRepository.swift in Sources */,
				FC2F10CD265C015F0032D260 /* UserCredentialsServiceProtocol.swift in Sources */,
				FC2D76E92662E354001D7D4F /* FilterSettings.swift in Sources */,
				FCC9C24B2624BA6C00510DDB /* QuizCell.swift in Sources */,
				FCE2A08C264C015F00B88387 /* QuizDelegate.swift in Sources */,
				FC2D76D72662D8F3001D7D4F /* QuizDBModel.xcdatamodeld in Sources */,
				FC2D76EB2662EBE8001D7D4F /* Quiz+CD.swift in Sources */,
				FC2D76D026629C91001D7D4F /* UserUseCaseProtocol.swift in Sources */,
				FCE2A0A2264C276900B88387 /* SettingsPresenter.swift in Sources */,
				FCE2A092264C0C6700B88387 /* QuizResultPresenterProtocol.swift in Sources */,
				FCE2A0A6264C2E7400B88387 /* NetworkServiceProtocol.swift in Sources */,
				FCE7B473263F804C00BF50A3 /* MainCoordinator.swift in Sources */,
				FCE2A0AB264D4C7C00B88387 /* RequestError.swift in Sources */,
				FCE7B47F2643518600BF50A3 /* ProgressStackView.swift in Sources */,
				FC2D77002662F4E7001D7D4F /* CDQuestion+CoreDataClass.swift in Sources */,
				FC2D76CE26629961001D7D4F /* QuizViewModel.swift in Sources */,
				FC2D76CC26629858001D7D4F /* QuizCollection.swift in Sources */,
				FCE2A03F264A8DB000B88387 /* LeaderboardResult.swift in Sources */,
				FCE2A07A264B367000B88387 /* Presenter.swift in Sources */,
				FC615FB426238BB4004B1ACB /* ErrorLabel.swift in Sources */,
				FC2D76BF26629104001D7D4F /* QuizDatabaseDataSourceProtocol.swift in Sources */,
				FCE0207D2661182400F97F5E /* QuizDatabaseDataSource.swift in Sources */,
				FCE2A0AD264D4CA300B88387 /* Result.swift in Sources */,
				FC2D77032662F4E7001D7D4F /* CDQuiz+CoreDataProperties.swift in Sources */,
				FCE2A076264B25D700B88387 /* LoginPresenterProtocol.swift in Sources */,
				FCE7B47526402EC900BF50A3 /* QuestionViewController.swift in Sources */,
				FCE2A0A8264C2E8200B88387 /* NetworkService.swift in Sources */,
				FC615FAB262236B6004B1ACB /* Button.swift in Sources */,
				FC2F10CF265C01E30032D260 /* UserCredentialsService.swift in Sources */,
				FCE2A088264C011A00B88387 /* QuizPresenterProtocol.swift in Sources */,
				FCE2A09A264C1CA700B88387 /* LeaderboardPresenterProtocol.swift in Sources */,
				FC615FA526221F9C004B1ACB /* TextField.swift in Sources */,
				FCE2A070264B247900B88387 /* LoginDelegate.swift in Sources */,
				FCE2A08F264C0C1200B88387 /* QuizResultDelegate.swift in Sources */,
				FCE7B470263F46F000BF50A3 /* Coordinator.swift in Sources */,
				FCE2A07F264B3F5E00B88387 /* QuizzesPresenterProtocol.swift in Sources */,
				FC615FB92623B224004B1ACB /* QuizzesViewController.swift in Sources */,
				FCB23E45261B385E00405F5D /* SceneDelegate.swift in Sources */,
				FCE7B48126435BCB00BF50A3 /* LoginCoordinator.swift in Sources */,
				FCE2A08A264C012400B88387 /* QuizPresenter.swift in Sources */,
				FC2D76D226629E4A001D7D4F /* UserUseCase.swift in Sources */,
				FC2D76C92662936B001D7D4F /* QuizUseCaseProtocol.swift in Sources */,
				FC2D77052662F583001D7D4F /* Question+CD.swift in Sources */,
				FC615F8326212771004B1ACB /* Quiz.swift in Sources */,
				FCE2A078264B25E100B88387 /* LoginPresenter.swift in Sources */,
				FCE020752661174B00F97F5E /* QuizRepositoryProtocol.swift in Sources */,
				FCE2A07C264B369200B88387 /* Delegate.swift in Sources */,
				FC2D77012662F4E7001D7D4F /* CDQuestion+CoreDataProperties.swift in Sources */,
				FCE2A0A0264C275E00B88387 /* SettingsPresenterProtocol.swift in Sources */,
				FCE2A0B4264D592E00B88387 /* User.swift in Sources */,
				FCE0207B266117FD00F97F5E /* QuizNetworkDataSource.swift in Sources */,
				FC2D77072663BAEA001D7D4F /* LeaderboardUseCase.swift in Sources */,
				FCE2A081264B3F6800B88387 /* QuizzesPresenter.swift in Sources */,
				FC615F9B26220ED7004B1ACB /* Label.swift in Sources */,
				FCE7B47B2642D3D100BF50A3 /* QuizResultViewController.swift in Sources */,
				FCE2A09C264C1CB200B88387 /* LeaderboardPresenter.swift in Sources */,
				FCE7B47D2642EEB600BF50A3 /* QuizViewController.swift in Sources */,
				FCE7B48726443BFC00BF50A3 /* SettingsViewController.swift in Sources */,
				FC2D76C72662933F001D7D4F /* QuizUseCase.swift in Sources */,
				FCE2A097264C1C1A00B88387 /* LeaderboardDelegate.swift in Sources */,
				FC2D77092663BAF5001D7D4F /* LeaderboardUseCaseProtocol.swift in Sources */,
				FCE7B479264189CB00BF50A3 /* NavBar.swift in Sources */,
				FCE2A084264B3FFC00B88387 /* QuizzesDelegate.swift in Sources */,
				FC2D76D42662A9D8001D7D4F /* QuestionViewModel.swift in Sources */,
				FC615FA2262217FC004B1ACB /* Utils.swift in Sources */,
			);
			runOnlyForDeploymentPostprocessing = 0;
		};
/* End PBXSourcesBuildPhase section */

/* Begin PBXVariantGroup section */
		FCB23E4D261B386000405F5D /* LaunchScreen.storyboard */ = {
			isa = PBXVariantGroup;
			children = (
				FCB23E4E261B386000405F5D /* Base */,
			);
			name = LaunchScreen.storyboard;
			sourceTree = "<group>";
		};
/* End PBXVariantGroup section */

/* Begin XCBuildConfiguration section */
		FCB23E51261B386000405F5D /* Debug */ = {
			isa = XCBuildConfiguration;
			buildSettings = {
				ALWAYS_SEARCH_USER_PATHS = NO;
				CLANG_ANALYZER_NONNULL = YES;
				CLANG_ANALYZER_NUMBER_OBJECT_CONVERSION = YES_AGGRESSIVE;
				CLANG_CXX_LANGUAGE_STANDARD = "gnu++14";
				CLANG_CXX_LIBRARY = "libc++";
				CLANG_ENABLE_MODULES = YES;
				CLANG_ENABLE_OBJC_ARC = YES;
				CLANG_ENABLE_OBJC_WEAK = YES;
				CLANG_WARN_BLOCK_CAPTURE_AUTORELEASING = YES;
				CLANG_WARN_BOOL_CONVERSION = YES;
				CLANG_WARN_COMMA = YES;
				CLANG_WARN_CONSTANT_CONVERSION = YES;
				CLANG_WARN_DEPRECATED_OBJC_IMPLEMENTATIONS = YES;
				CLANG_WARN_DIRECT_OBJC_ISA_USAGE = YES_ERROR;
				CLANG_WARN_DOCUMENTATION_COMMENTS = YES;
				CLANG_WARN_EMPTY_BODY = YES;
				CLANG_WARN_ENUM_CONVERSION = YES;
				CLANG_WARN_INFINITE_RECURSION = YES;
				CLANG_WARN_INT_CONVERSION = YES;
				CLANG_WARN_NON_LITERAL_NULL_CONVERSION = YES;
				CLANG_WARN_OBJC_IMPLICIT_RETAIN_SELF = YES;
				CLANG_WARN_OBJC_LITERAL_CONVERSION = YES;
				CLANG_WARN_OBJC_ROOT_CLASS = YES_ERROR;
				CLANG_WARN_QUOTED_INCLUDE_IN_FRAMEWORK_HEADER = YES;
				CLANG_WARN_RANGE_LOOP_ANALYSIS = YES;
				CLANG_WARN_STRICT_PROTOTYPES = YES;
				CLANG_WARN_SUSPICIOUS_MOVE = YES;
				CLANG_WARN_UNGUARDED_AVAILABILITY = YES_AGGRESSIVE;
				CLANG_WARN_UNREACHABLE_CODE = YES;
				CLANG_WARN__DUPLICATE_METHOD_MATCH = YES;
				COPY_PHASE_STRIP = NO;
				DEBUG_INFORMATION_FORMAT = dwarf;
				ENABLE_STRICT_OBJC_MSGSEND = YES;
				ENABLE_TESTABILITY = YES;
				GCC_C_LANGUAGE_STANDARD = gnu11;
				GCC_DYNAMIC_NO_PIC = NO;
				GCC_NO_COMMON_BLOCKS = YES;
				GCC_OPTIMIZATION_LEVEL = 0;
				GCC_PREPROCESSOR_DEFINITIONS = (
					"DEBUG=1",
					"$(inherited)",
				);
				GCC_WARN_64_TO_32_BIT_CONVERSION = YES;
				GCC_WARN_ABOUT_RETURN_TYPE = YES_ERROR;
				GCC_WARN_UNDECLARED_SELECTOR = YES;
				GCC_WARN_UNINITIALIZED_AUTOS = YES_AGGRESSIVE;
				GCC_WARN_UNUSED_FUNCTION = YES;
				GCC_WARN_UNUSED_VARIABLE = YES;
				IPHONEOS_DEPLOYMENT_TARGET = 14.4;
				MTL_ENABLE_DEBUG_INFO = INCLUDE_SOURCE;
				MTL_FAST_MATH = YES;
				ONLY_ACTIVE_ARCH = YES;
				SDKROOT = iphoneos;
				SWIFT_ACTIVE_COMPILATION_CONDITIONS = DEBUG;
				SWIFT_OPTIMIZATION_LEVEL = "-Onone";
			};
			name = Debug;
		};
		FCB23E52261B386000405F5D /* Release */ = {
			isa = XCBuildConfiguration;
			buildSettings = {
				ALWAYS_SEARCH_USER_PATHS = NO;
				CLANG_ANALYZER_NONNULL = YES;
				CLANG_ANALYZER_NUMBER_OBJECT_CONVERSION = YES_AGGRESSIVE;
				CLANG_CXX_LANGUAGE_STANDARD = "gnu++14";
				CLANG_CXX_LIBRARY = "libc++";
				CLANG_ENABLE_MODULES = YES;
				CLANG_ENABLE_OBJC_ARC = YES;
				CLANG_ENABLE_OBJC_WEAK = YES;
				CLANG_WARN_BLOCK_CAPTURE_AUTORELEASING = YES;
				CLANG_WARN_BOOL_CONVERSION = YES;
				CLANG_WARN_COMMA = YES;
				CLANG_WARN_CONSTANT_CONVERSION = YES;
				CLANG_WARN_DEPRECATED_OBJC_IMPLEMENTATIONS = YES;
				CLANG_WARN_DIRECT_OBJC_ISA_USAGE = YES_ERROR;
				CLANG_WARN_DOCUMENTATION_COMMENTS = YES;
				CLANG_WARN_EMPTY_BODY = YES;
				CLANG_WARN_ENUM_CONVERSION = YES;
				CLANG_WARN_INFINITE_RECURSION = YES;
				CLANG_WARN_INT_CONVERSION = YES;
				CLANG_WARN_NON_LITERAL_NULL_CONVERSION = YES;
				CLANG_WARN_OBJC_IMPLICIT_RETAIN_SELF = YES;
				CLANG_WARN_OBJC_LITERAL_CONVERSION = YES;
				CLANG_WARN_OBJC_ROOT_CLASS = YES_ERROR;
				CLANG_WARN_QUOTED_INCLUDE_IN_FRAMEWORK_HEADER = YES;
				CLANG_WARN_RANGE_LOOP_ANALYSIS = YES;
				CLANG_WARN_STRICT_PROTOTYPES = YES;
				CLANG_WARN_SUSPICIOUS_MOVE = YES;
				CLANG_WARN_UNGUARDED_AVAILABILITY = YES_AGGRESSIVE;
				CLANG_WARN_UNREACHABLE_CODE = YES;
				CLANG_WARN__DUPLICATE_METHOD_MATCH = YES;
				COPY_PHASE_STRIP = NO;
				DEBUG_INFORMATION_FORMAT = "dwarf-with-dsym";
				ENABLE_NS_ASSERTIONS = NO;
				ENABLE_STRICT_OBJC_MSGSEND = YES;
				GCC_C_LANGUAGE_STANDARD = gnu11;
				GCC_NO_COMMON_BLOCKS = YES;
				GCC_WARN_64_TO_32_BIT_CONVERSION = YES;
				GCC_WARN_ABOUT_RETURN_TYPE = YES_ERROR;
				GCC_WARN_UNDECLARED_SELECTOR = YES;
				GCC_WARN_UNINITIALIZED_AUTOS = YES_AGGRESSIVE;
				GCC_WARN_UNUSED_FUNCTION = YES;
				GCC_WARN_UNUSED_VARIABLE = YES;
				IPHONEOS_DEPLOYMENT_TARGET = 14.4;
				MTL_ENABLE_DEBUG_INFO = NO;
				MTL_FAST_MATH = YES;
				SDKROOT = iphoneos;
				SWIFT_COMPILATION_MODE = wholemodule;
				SWIFT_OPTIMIZATION_LEVEL = "-O";
				VALIDATE_PRODUCT = YES;
			};
			name = Release;
		};
		FCB23E54261B386000405F5D /* Debug */ = {
			isa = XCBuildConfiguration;
			baseConfigurationReference = 8B831740198B91809DE11D8C /* Pods-QuizApp.debug.xcconfig */;
			buildSettings = {
				ASSETCATALOG_COMPILER_APPICON_NAME = AppIcon;
				ASSETCATALOG_COMPILER_GLOBAL_ACCENT_COLOR_NAME = AccentColor;
				CODE_SIGN_STYLE = Automatic;
				DEVELOPMENT_TEAM = "";
				INFOPLIST_FILE = QuizApp/Info.plist;
				LD_RUNPATH_SEARCH_PATHS = (
					"$(inherited)",
					"@executable_path/Frameworks",
				);
				PRODUCT_BUNDLE_IDENTIFIER = hr.fer.namacinski.luka.QuizApp;
				PRODUCT_NAME = "$(TARGET_NAME)";
				SWIFT_VERSION = 5.0;
				TARGETED_DEVICE_FAMILY = "1,2";
			};
			name = Debug;
		};
		FCB23E55261B386000405F5D /* Release */ = {
			isa = XCBuildConfiguration;
			baseConfigurationReference = 49C2C44ECC487E679DD4B9E8 /* Pods-QuizApp.release.xcconfig */;
			buildSettings = {
				ASSETCATALOG_COMPILER_APPICON_NAME = AppIcon;
				ASSETCATALOG_COMPILER_GLOBAL_ACCENT_COLOR_NAME = AccentColor;
				CODE_SIGN_STYLE = Automatic;
				DEVELOPMENT_TEAM = "";
				INFOPLIST_FILE = QuizApp/Info.plist;
				LD_RUNPATH_SEARCH_PATHS = (
					"$(inherited)",
					"@executable_path/Frameworks",
				);
				PRODUCT_BUNDLE_IDENTIFIER = hr.fer.namacinski.luka.QuizApp;
				PRODUCT_NAME = "$(TARGET_NAME)";
				SWIFT_VERSION = 5.0;
				TARGETED_DEVICE_FAMILY = "1,2";
			};
			name = Release;
		};
/* End XCBuildConfiguration section */

/* Begin XCConfigurationList section */
		FCB23E3A261B385E00405F5D /* Build configuration list for PBXProject "QuizApp" */ = {
			isa = XCConfigurationList;
			buildConfigurations = (
				FCB23E51261B386000405F5D /* Debug */,
				FCB23E52261B386000405F5D /* Release */,
			);
			defaultConfigurationIsVisible = 0;
			defaultConfigurationName = Release;
		};
		FCB23E53261B386000405F5D /* Build configuration list for PBXNativeTarget "QuizApp" */ = {
			isa = XCConfigurationList;
			buildConfigurations = (
				FCB23E54261B386000405F5D /* Debug */,
				FCB23E55261B386000405F5D /* Release */,
			);
			defaultConfigurationIsVisible = 0;
			defaultConfigurationName = Release;
		};
/* End XCConfigurationList section */

/* Begin XCVersionGroup section */
		FCE0208426624D3B00F97F5E /* QuizDBModel.xcdatamodeld */ = {
			isa = XCVersionGroup;
			children = (
				FCE0208526624D3B00F97F5E /* Model.xcdatamodel */,
			);
			currentVersion = FCE0208526624D3B00F97F5E /* Model.xcdatamodel */;
			path = QuizDBModel.xcdatamodeld;
			sourceTree = "<group>";
			versionGroupType = wrapper.xcdatamodel;
		};
/* End XCVersionGroup section */
	};
	rootObject = FCB23E37261B385E00405F5D /* Project object */;
}
